# This file is automatically @generated by Cargo.
# It is not intended for manual editing.
version = 3

[[package]]
name = "calcit_std"
version = "0.0.3"
dependencies = [
 "cirru_edn",
 "cirru_parser",
]

[[package]]
name = "cirru_edn"
version = "0.1.12"
source = "registry+https://github.com/rust-lang/crates.io-index"
checksum = "de5753b6d794dd57aa97ee6fe2785dace6d6367e0e6093433f02f1aff95bdaae"
dependencies = [
 "cirru_parser",
]

[[package]]
name = "cirru_parser"
version = "0.1.8"
source = "registry+https://github.com/rust-lang/crates.io-index"
checksum = "5b2077243ccce07d54a032dfeb09e68c91d17f87645c501b619ab45a2844cca3"
