# This file is automatically @generated by Cargo.
# It is not intended for manual editing.
version = 4

[[package]]
name = "calcit_dylib"
version = "0.0.4"
dependencies = [
 "calcit_native_ffi",
 "cirru_edn",
]

[[package]]
name = "calcit_native_ffi"
version = "0.1.2"
source = "registry+https://github.com/rust-lang/crates.io-index"
checksum = "42a8cfaff7caed355a63e9df68c57cea5af1d01b1b37734ed812a4a9ed2faeed"
dependencies = [
 "cirru_edn",
]

[[package]]
name = "cirru_edn"
version = "0.8.0"
source = "registry+https://github.com/rust-lang/crates.io-index"
checksum = "7f9a574a5164698fdd0881368444c47fad4b3188f82898386b9f28b83d9626d7"
dependencies = [
 "cirru_parser",
 "cjk",
 "hex",
 "serde",
]

[[package]]
name = "cirru_parser"
version = "0.2.15"
source = "registry+https://github.com/rust-lang/crates.io-index"
checksum = "91044eb215dc0a2a75af6d3955f0074a4e7024ed4608a3be812024a950bb4e73"
dependencies = [
 "serde",
]

[[package]]
name = "cjk"
version = "0.2.5"
source = "registry+https://github.com/rust-lang/crates.io-index"
checksum = "8c5581b1ff873217332789ccc8956c1c68bcf9d693e7e5c6bcc677897fda5257"
dependencies = [
 "hex",
 "lazy_static",
 "unicode-blocks",
 "widestring",
]

[[package]]
name = "hex"
version = "0.4.3"
source = "registry+https://github.com/rust-lang/crates.io-index"
checksum = "7f24254aa9a54b5c858eaee2f5bccdb46aaf0e486a595ed5fd8f86ba55232a70"

[[package]]
name = "lazy_static"
version = "1.4.0"
source = "registry+https://github.com/rust-lang/crates.io-index"
checksum = "e2abad23fbc42b3700f2f279844dc832adb2b2eb069b2df918f455c4e18cc646"

[[package]]
name = "proc-macro2"
version = "1.0.83"
source = "registry+https://github.com/rust-lang/crates.io-index"
checksum = "0b33eb56c327dec362a9e55b3ad14f9d2f0904fb5a5b03b513ab5465399e9f43"
dependencies = [
 "unicode-ident",
]

[[package]]
name = "quote"
version = "1.0.36"
source = "registry+https://github.com/rust-lang/crates.io-index"
checksum = "0fa76aaf39101c457836aec0ce2316dbdc3ab723cdda1c6bd4e6ad4208acaca7"
dependencies = [
 "proc-macro2",
]

[[package]]
name = "serde"
version = "1.0.228"
source = "registry+https://github.com/rust-lang/crates.io-index"
checksum = "9a8e94ea7f378bd32cbbd37198a4a91436180c5bb472411e48b5ec2e2124ae9e"
dependencies = [
 "serde_core",
 "serde_derive",
]

[[package]]
name = "serde_core"
version = "1.0.228"
source = "registry+https://github.com/rust-lang/crates.io-index"
checksum = "41d385c7d4ca58e59fc732af25c3983b67ac852c1a25000afe1175de458b67ad"
dependencies = [
 "serde_derive",
]

[[package]]
name = "serde_derive"
version = "1.0.228"
source = "registry+https://github.com/rust-lang/crates.io-index"
checksum = "d540f220d3187173da220f885ab66608367b6574e925011a9353e4badda91d79"
dependencies = [
 "proc-macro2",
 "quote",
 "syn",
]

[[package]]
name = "syn"
version = "2.0.87"
source = "registry+https://github.com/rust-lang/crates.io-index"
checksum = "25aa4ce346d03a6dcd68dd8b4010bcb74e54e62c90c573f394c46eae99aba32d"
dependencies = [
 "proc-macro2",
 "quote",
 "unicode-ident",
]

[[package]]
name = "unicode-blocks"
version = "0.1.9"
source = "registry+https://github.com/rust-lang/crates.io-index"
checksum = "6b12e05d9e06373163a9bb6bb8c263c261b396643a99445fe6b9811fd376581b"

[[package]]
name = "unicode-ident"
version = "1.0.12"
source = "registry+https://github.com/rust-lang/crates.io-index"
checksum = "3354b9ac3fae1ff6755cb6db53683adb661634f67557942dea4facebec0fee4b"

[[package]]
name = "widestring"
version = "0.4.3"
source = "registry+https://github.com/rust-lang/crates.io-index"
checksum = "c168940144dd21fd8046987c16a46a33d5fc84eec29ef9dcddc2ac9e31526b7c"
