# This file is automatically @generated by Cargo.
# It is not intended for manual editing.
version = 3

[[package]]
name = "calcit_std"
version = "0.0.1"
dependencies = [
 "cirru_edn",
 "cirru_parser",
]

[[package]]
name = "cirru_edn"
version = "0.2.21"
source = "registry+https://github.com/rust-lang/crates.io-index"
checksum = "63c8eadc7d7e440b6e2dce8b6ef16e688dc1a36dfcac8a627a1e769672664955"
dependencies = [
 "cirru_parser",
 "hex",
 "lazy_static",
]

[[package]]
name = "cirru_parser"
version = "0.1.24"
source = "registry+https://github.com/rust-lang/crates.io-index"
checksum = "0c942c2dafb7e7cab267b66e6ccbb0b4ef11a471b83c90a9e072cdd02d2081aa"

[[package]]
name = "hex"
version = "0.4.3"
source = "registry+https://github.com/rust-lang/crates.io-index"
checksum = "7f24254aa9a54b5c858eaee2f5bccdb46aaf0e486a595ed5fd8f86ba55232a70"

[[package]]
name = "lazy_static"
version = "1.4.0"
source = "registry+https://github.com/rust-lang/crates.io-index"
checksum = "e2abad23fbc42b3700f2f279844dc832adb2b2eb069b2df918f455c4e18cc646"
